// !$*UTF8*$!
{
	archiveVersion = 1;
	classes = {
	};
	objectVersion = 50;
	objects = {

/* Begin PBXBuildFile section */
		8052395B25FC8EFD00AC1A5B /* AppDelegate.swift in Sources */ = {isa = PBXBuildFile; fileRef = 8052395A25FC8EFD00AC1A5B /* AppDelegate.swift */; };
		8052395D25FC8EFD00AC1A5B /* SceneDelegate.swift in Sources */ = {isa = PBXBuildFile; fileRef = 8052395C25FC8EFD00AC1A5B /* SceneDelegate.swift */; };
		8052395F25FC8EFD00AC1A5B /* TaskAddViewController.swift in Sources */ = {isa = PBXBuildFile; fileRef = 8052395E25FC8EFD00AC1A5B /* TaskAddViewController.swift */; };
		8052396225FC8EFD00AC1A5B /* Main.storyboard in Resources */ = {isa = PBXBuildFile; fileRef = 8052396025FC8EFD00AC1A5B /* Main.storyboard */; };
		8052396425FC8EFF00AC1A5B /* Assets.xcassets in Resources */ = {isa = PBXBuildFile; fileRef = 8052396325FC8EFF00AC1A5B /* Assets.xcassets */; };
		8052396725FC8EFF00AC1A5B /* LaunchScreen.storyboard in Resources */ = {isa = PBXBuildFile; fileRef = 8052396525FC8EFF00AC1A5B /* LaunchScreen.storyboard */; };
		8052397225FC8EFF00AC1A5B /* ToDoAppTests.swift in Sources */ = {isa = PBXBuildFile; fileRef = 8052397125FC8EFF00AC1A5B /* ToDoAppTests.swift */; };
		8052397D25FC8EFF00AC1A5B /* ToDoAppUITests.swift in Sources */ = {isa = PBXBuildFile; fileRef = 8052397C25FC8EFF00AC1A5B /* ToDoAppUITests.swift */; };
/* End PBXBuildFile section */

/* Begin PBXContainerItemProxy section */
		8052396E25FC8EFF00AC1A5B /* PBXContainerItemProxy */ = {
			isa = PBXContainerItemProxy;
			containerPortal = 8052394F25FC8EFD00AC1A5B /* Project object */;
			proxyType = 1;
			remoteGlobalIDString = 8052395625FC8EFD00AC1A5B;
			remoteInfo = ToDoApp;
		};
		8052397925FC8EFF00AC1A5B /* PBXContainerItemProxy */ = {
			isa = PBXContainerItemProxy;
			containerPortal = 8052394F25FC8EFD00AC1A5B /* Project object */;
			proxyType = 1;
			remoteGlobalIDString = 8052395625FC8EFD00AC1A5B;
			remoteInfo = ToDoApp;
		};
/* End PBXContainerItemProxy section */

/* Begin PBXFileReference section */
		8052395725FC8EFD00AC1A5B /* ToDoApp.app */ = {isa = PBXFileReference; explicitFileType = wrapper.application; includeInIndex = 0; path = ToDoApp.app; sourceTree = BUILT_PRODUCTS_DIR; };
		8052395A25FC8EFD00AC1A5B /* AppDelegate.swift */ = {isa = PBXFileReference; lastKnownFileType = sourcecode.swift; path = AppDelegate.swift; sourceTree = "<group>"; };
		8052395C25FC8EFD00AC1A5B /* SceneDelegate.swift */ = {isa = PBXFileReference; lastKnownFileType = sourcecode.swift; path = SceneDelegate.swift; sourceTree = "<group>"; };
		8052395E25FC8EFD00AC1A5B /* TaskAddViewController.swift */ = {isa = PBXFileReference; lastKnownFileType = sourcecode.swift; path = TaskAddViewController.swift; sourceTree = "<group>"; };
		8052396125FC8EFD00AC1A5B /* Base */ = {isa = PBXFileReference; lastKnownFileType = file.storyboard; name = Base; path = Base.lproj/Main.storyboard; sourceTree = "<group>"; };
		8052396325FC8EFF00AC1A5B /* Assets.xcassets */ = {isa = PBXFileReference; lastKnownFileType = folder.assetcatalog; path = Assets.xcassets; sourceTree = "<group>"; };
		8052396625FC8EFF00AC1A5B /* Base */ = {isa = PBXFileReference; lastKnownFileType = file.storyboard; name = Base; path = Base.lproj/LaunchScreen.storyboard; sourceTree = "<group>"; };
		8052396825FC8EFF00AC1A5B /* Info.plist */ = {isa = PBXFileReference; lastKnownFileType = text.plist.xml; path = Info.plist; sourceTree = "<group>"; };
		8052396D25FC8EFF00AC1A5B /* ToDoAppTests.xctest */ = {isa = PBXFileReference; explicitFileType = wrapper.cfbundle; includeInIndex = 0; path = ToDoAppTests.xctest; sourceTree = BUILT_PRODUCTS_DIR; };
		8052397125FC8EFF00AC1A5B /* ToDoAppTests.swift */ = {isa = PBXFileReference; lastKnownFileType = sourcecode.swift; path = ToDoAppTests.swift; sourceTree = "<group>"; };
		8052397325FC8EFF00AC1A5B /* Info.plist */ = {isa = PBXFileReference; lastKnownFileType = text.plist.xml; path = Info.plist; sourceTree = "<group>"; };
		8052397825FC8EFF00AC1A5B /* ToDoAppUITests.xctest */ = {isa = PBXFileReference; explicitFileType = wrapper.cfbundle; includeInIndex = 0; path = ToDoAppUITests.xctest; sourceTree = BUILT_PRODUCTS_DIR; };
		8052397C25FC8EFF00AC1A5B /* ToDoAppUITests.swift */ = {isa = PBXFileReference; lastKnownFileType = sourcecode.swift; path = ToDoAppUITests.swift; sourceTree = "<group>"; };
		8052397E25FC8EFF00AC1A5B /* Info.plist */ = {isa = PBXFileReference; lastKnownFileType = text.plist.xml; path = Info.plist; sourceTree = "<group>"; };
/* End PBXFileReference section */

/* Begin PBXFrameworksBuildPhase section */
		8052395425FC8EFD00AC1A5B /* Frameworks */ = {
			isa = PBXFrameworksBuildPhase;
			buildActionMask = 2147483647;
			files = (
			);
			runOnlyForDeploymentPostprocessing = 0;
		};
		8052396A25FC8EFF00AC1A5B /* Frameworks */ = {
			isa = PBXFrameworksBuildPhase;
			buildActionMask = 2147483647;
			files = (
			);
			runOnlyForDeploymentPostprocessing = 0;
		};
		8052397525FC8EFF00AC1A5B /* Frameworks */ = {
			isa = PBXFrameworksBuildPhase;
			buildActionMask = 2147483647;
			files = (
			);
			runOnlyForDeploymentPostprocessing = 0;
		};
/* End PBXFrameworksBuildPhase section */

/* Begin PBXGroup section */
		8052394E25FC8EFD00AC1A5B = {
			isa = PBXGroup;
			children = (
				8052395925FC8EFD00AC1A5B /* ToDoApp */,
				8052397025FC8EFF00AC1A5B /* ToDoAppTests */,
				8052397B25FC8EFF00AC1A5B /* ToDoAppUITests */,
				8052395825FC8EFD00AC1A5B /* Products */,
			);
			sourceTree = "<group>";
		};
		8052395825FC8EFD00AC1A5B /* Products */ = {
			isa = PBXGroup;
			children = (
				8052395725FC8EFD00AC1A5B /* ToDoApp.app */,
				8052396D25FC8EFF00AC1A5B /* ToDoAppTests.xctest */,
				8052397825FC8EFF00AC1A5B /* ToDoAppUITests.xctest */,
			);
			name = Products;
			sourceTree = "<group>";
		};
		8052395925FC8EFD00AC1A5B /* ToDoApp */ = {
			isa = PBXGroup;
			children = (
				8052395A25FC8EFD00AC1A5B /* AppDelegate.swift */,
				8052395C25FC8EFD00AC1A5B /* SceneDelegate.swift */,
				8052395E25FC8EFD00AC1A5B /* TaskAddViewController.swift */,
				8052396025FC8EFD00AC1A5B /* Main.storyboard */,
				8052396325FC8EFF00AC1A5B /* Assets.xcassets */,
				8052396525FC8EFF00AC1A5B /* LaunchScreen.storyboard */,
				8052396825FC8EFF00AC1A5B /* Info.plist */,
			);
			path = ToDoApp;
			sourceTree = "<group>";
		};
		8052397025FC8EFF00AC1A5B /* ToDoAppTests */ = {
			isa = PBXGroup;
			children = (
				8052397125FC8EFF00AC1A5B /* ToDoAppTests.swift */,
				8052397325FC8EFF00AC1A5B /* Info.plist */,
			);
			path = ToDoAppTests;
			sourceTree = "<group>";
		};
		8052397B25FC8EFF00AC1A5B /* ToDoAppUITests */ = {
			isa = PBXGroup;
			children = (
				8052397C25FC8EFF00AC1A5B /* ToDoAppUITests.swift */,
				8052397E25FC8EFF00AC1A5B /* Info.plist */,
			);
			path = ToDoAppUITests;
			sourceTree = "<group>";
		};
/* End PBXGroup section */

/* Begin PBXNativeTarget section */
		8052395625FC8EFD00AC1A5B /* ToDoApp */ = {
			isa = PBXNativeTarget;
			buildConfigurationList = 8052398125FC8EFF00AC1A5B /* Build configuration list for PBXNativeTarget "ToDoApp" */;
			buildPhases = (
				8052395325FC8EFD00AC1A5B /* Sources */,
				8052395425FC8EFD00AC1A5B /* Frameworks */,
				8052395525FC8EFD00AC1A5B /* Resources */,
			);
			buildRules = (
			);
			dependencies = (
			);
			name = ToDoApp;
			productName = ToDoApp;
			productReference = 8052395725FC8EFD00AC1A5B /* ToDoApp.app */;
			productType = "com.apple.product-type.application";
		};
		8052396C25FC8EFF00AC1A5B /* ToDoAppTests */ = {
			isa = PBXNativeTarget;
			buildConfigurationList = 8052398425FC8EFF00AC1A5B /* Build configuration list for PBXNativeTarget "ToDoAppTests" */;
			buildPhases = (
				8052396925FC8EFF00AC1A5B /* Sources */,
				8052396A25FC8EFF00AC1A5B /* Frameworks */,
				8052396B25FC8EFF00AC1A5B /* Resources */,
			);
			buildRules = (
			);
			dependencies = (
				8052396F25FC8EFF00AC1A5B /* PBXTargetDependency */,
			);
			name = ToDoAppTests;
			productName = ToDoAppTests;
			productReference = 8052396D25FC8EFF00AC1A5B /* ToDoAppTests.xctest */;
			productType = "com.apple.product-type.bundle.unit-test";
		};
		8052397725FC8EFF00AC1A5B /* ToDoAppUITests */ = {
			isa = PBXNativeTarget;
			buildConfigurationList = 8052398725FC8EFF00AC1A5B /* Build configuration list for PBXNativeTarget "ToDoAppUITests" */;
			buildPhases = (
				8052397425FC8EFF00AC1A5B /* Sources */,
				8052397525FC8EFF00AC1A5B /* Frameworks */,
				8052397625FC8EFF00AC1A5B /* Resources */,
			);
			buildRules = (
			);
			dependencies = (
				8052397A25FC8EFF00AC1A5B /* PBXTargetDependency */,
			);
			name = ToDoAppUITests;
			productName = ToDoAppUITests;
			productReference = 8052397825FC8EFF00AC1A5B /* ToDoAppUITests.xctest */;
			productType = "com.apple.product-type.bundle.ui-testing";
		};
/* End PBXNativeTarget section */

/* Begin PBXProject section */
		8052394F25FC8EFD00AC1A5B /* Project object */ = {
			isa = PBXProject;
			attributes = {
				LastSwiftUpdateCheck = 1240;
				LastUpgradeCheck = 1240;
				TargetAttributes = {
					8052395625FC8EFD00AC1A5B = {
						CreatedOnToolsVersion = 12.4;
					};
					8052396C25FC8EFF00AC1A5B = {
						CreatedOnToolsVersion = 12.4;
						TestTargetID = 8052395625FC8EFD00AC1A5B;
					};
					8052397725FC8EFF00AC1A5B = {
						CreatedOnToolsVersion = 12.4;
						TestTargetID = 8052395625FC8EFD00AC1A5B;
					};
				};
			};
			buildConfigurationList = 8052395225FC8EFD00AC1A5B /* Build configuration list for PBXProject "ToDoApp" */;
			compatibilityVersion = "Xcode 9.3";
			developmentRegion = en;
			hasScannedForEncodings = 0;
			knownRegions = (
				en,
				Base,
			);
			mainGroup = 8052394E25FC8EFD00AC1A5B;
			productRefGroup = 8052395825FC8EFD00AC1A5B /* Products */;
			projectDirPath = "";
			projectRoot = "";
			targets = (
				8052395625FC8EFD00AC1A5B /* ToDoApp */,
				8052396C25FC8EFF00AC1A5B /* ToDoAppTests */,
				8052397725FC8EFF00AC1A5B /* ToDoAppUITests */,
			);
		};
/* End PBXProject section */

/* Begin PBXResourcesBuildPhase section */
		8052395525FC8EFD00AC1A5B /* Resources */ = {
			isa = PBXResourcesBuildPhase;
			buildActionMask = 2147483647;
			files = (
				8052396725FC8EFF00AC1A5B /* LaunchScreen.storyboard in Resources */,
				8052396425FC8EFF00AC1A5B /* Assets.xcassets in Resources */,
				8052396225FC8EFD00AC1A5B /* Main.storyboard in Resources */,
			);
			runOnlyForDeploymentPostprocessing = 0;
		};
		8052396B25FC8EFF00AC1A5B /* Resources */ = {
			isa = PBXResourcesBuildPhase;
			buildActionMask = 2147483647;
			files = (
			);
			runOnlyForDeploymentPostprocessing = 0;
		};
		8052397625FC8EFF00AC1A5B /* Resources */ = {
			isa = PBXResourcesBuildPhase;
			buildActionMask = 2147483647;
			files = (
			);
			runOnlyForDeploymentPostprocessing = 0;
		};
/* End PBXResourcesBuildPhase section */

/* Begin PBXSourcesBuildPhase section */
		8052395325FC8EFD00AC1A5B /* Sources */ = {
			isa = PBXSourcesBuildPhase;
			buildActionMask = 2147483647;
			files = (
				8052395F25FC8EFD00AC1A5B /* TaskAddViewController.swift in Sources */,
				8052395B25FC8EFD00AC1A5B /* AppDelegate.swift in Sources */,
				8052395D25FC8EFD00AC1A5B /* SceneDelegate.swift in Sources */,
			);
			runOnlyForDeploymentPostprocessing = 0;
		};
		8052396925FC8EFF00AC1A5B /* Sources */ = {
			isa = PBXSourcesBuildPhase;
			buildActionMask = 2147483647;
			files = (
				8052397225FC8EFF00AC1A5B /* ToDoAppTests.swift in Sources */,
			);
			runOnlyForDeploymentPostprocessing = 0;
		};
		8052397425FC8EFF00AC1A5B /* Sources */ = {
			isa = PBXSourcesBuildPhase;
			buildActionMask = 2147483647;
			files = (
				8052397D25FC8EFF00AC1A5B /* ToDoAppUITests.swift in Sources */,
			);
			runOnlyForDeploymentPostprocessing = 0;
		};
/* End PBXSourcesBuildPhase section */

/* Begin PBXTargetDependency section */
		8052396F25FC8EFF00AC1A5B /* PBXTargetDependency */ = {
			isa = PBXTargetDependency;
			target = 8052395625FC8EFD00AC1A5B /* ToDoApp */;
			targetProxy = 8052396E25FC8EFF00AC1A5B /* PBXContainerItemProxy */;
		};
		8052397A25FC8EFF00AC1A5B /* PBXTargetDependency */ = {
			isa = PBXTargetDependency;
			target = 8052395625FC8EFD00AC1A5B /* ToDoApp */;
			targetProxy = 8052397925FC8EFF00AC1A5B /* PBXContainerItemProxy */;
		};
/* End PBXTargetDependency section */

/* Begin PBXVariantGroup section */
		8052396025FC8EFD00AC1A5B /* Main.storyboard */ = {
			isa = PBXVariantGroup;
			children = (
				8052396125FC8EFD00AC1A5B /* Base */,
			);
			name = Main.storyboard;
			sourceTree = "<group>";
		};
		8052396525FC8EFF00AC1A5B /* LaunchScreen.storyboard */ = {
			isa = PBXVariantGroup;
			children = (
				8052396625FC8EFF00AC1A5B /* Base */,
			);
			name = LaunchScreen.storyboard;
			sourceTree = "<group>";
		};
/* End PBXVariantGroup section */

/* Begin XCBuildConfiguration section */
		8052397F25FC8EFF00AC1A5B /* Debug */ = {
			isa = XCBuildConfiguration;
			buildSettings = {
				ALWAYS_SEARCH_USER_PATHS = NO;
				CLANG_ANALYZER_NONNULL = YES;
				CLANG_ANALYZER_NUMBER_OBJECT_CONVERSION = YES_AGGRESSIVE;
				CLANG_CXX_LANGUAGE_STANDARD = "gnu++14";
				CLANG_CXX_LIBRARY = "libc++";
				CLANG_ENABLE_MODULES = YES;
				CLANG_ENABLE_OBJC_ARC = YES;
				CLANG_ENABLE_OBJC_WEAK = YES;
				CLANG_WARN_BLOCK_CAPTURE_AUTORELEASING = YES;
				CLANG_WARN_BOOL_CONVERSION = YES;
				CLANG_WARN_COMMA = YES;
				CLANG_WARN_CONSTANT_CONVERSION = YES;
				CLANG_WARN_DEPRECATED_OBJC_IMPLEMENTATIONS = YES;
				CLANG_WARN_DIRECT_OBJC_ISA_USAGE = YES_ERROR;
				CLANG_WARN_DOCUMENTATION_COMMENTS = YES;
				CLANG_WARN_EMPTY_BODY = YES;
				CLANG_WARN_ENUM_CONVERSION = YES;
				CLANG_WARN_INFINITE_RECURSION = YES;
				CLANG_WARN_INT_CONVERSION = YES;
				CLANG_WARN_NON_LITERAL_NULL_CONVERSION = YES;
				CLANG_WARN_OBJC_IMPLICIT_RETAIN_SELF = YES;
				CLANG_WARN_OBJC_LITERAL_CONVERSION = YES;
				CLANG_WARN_OBJC_ROOT_CLASS = YES_ERROR;
				CLANG_WARN_QUOTED_INCLUDE_IN_FRAMEWORK_HEADER = YES;
				CLANG_WARN_RANGE_LOOP_ANALYSIS = YES;
				CLANG_WARN_STRICT_PROTOTYPES = YES;
				CLANG_WARN_SUSPICIOUS_MOVE = YES;
				CLANG_WARN_UNGUARDED_AVAILABILITY = YES_AGGRESSIVE;
				CLANG_WARN_UNREACHABLE_CODE = YES;
				CLANG_WARN__DUPLICATE_METHOD_MATCH = YES;
				COPY_PHASE_STRIP = NO;
				DEBUG_INFORMATION_FORMAT = dwarf;
				ENABLE_STRICT_OBJC_MSGSEND = YES;
				ENABLE_TESTABILITY = YES;
				GCC_C_LANGUAGE_STANDARD = gnu11;
				GCC_DYNAMIC_NO_PIC = NO;
				GCC_NO_COMMON_BLOCKS = YES;
				GCC_OPTIMIZATION_LEVEL = 0;
				GCC_PREPROCESSOR_DEFINITIONS = (
					"DEBUG=1",
					"$(inherited)",
				);
				GCC_WARN_64_TO_32_BIT_CONVERSION = YES;
				GCC_WARN_ABOUT_RETURN_TYPE = YES_ERROR;
				GCC_WARN_UNDECLARED_SELECTOR = YES;
				GCC_WARN_UNINITIALIZED_AUTOS = YES_AGGRESSIVE;
				GCC_WARN_UNUSED_FUNCTION = YES;
				GCC_WARN_UNUSED_VARIABLE = YES;
				IPHONEOS_DEPLOYMENT_TARGET = 14.4;
				MTL_ENABLE_DEBUG_INFO = INCLUDE_SOURCE;
				MTL_FAST_MATH = YES;
				ONLY_ACTIVE_ARCH = YES;
				SDKROOT = iphoneos;
				SWIFT_ACTIVE_COMPILATION_CONDITIONS = DEBUG;
				SWIFT_OPTIMIZATION_LEVEL = "-Onone";
			};
			name = Debug;
		};
		8052398025FC8EFF00AC1A5B /* Release */ = {
			isa = XCBuildConfiguration;
			buildSettings = {
				ALWAYS_SEARCH_USER_PATHS = NO;
				CLANG_ANALYZER_NONNULL = YES;
				CLANG_ANALYZER_NUMBER_OBJECT_CONVERSION = YES_AGGRESSIVE;
				CLANG_CXX_LANGUAGE_STANDARD = "gnu++14";
				CLANG_CXX_LIBRARY = "libc++";
				CLANG_ENABLE_MODULES = YES;
				CLANG_ENABLE_OBJC_ARC = YES;
				CLANG_ENABLE_OBJC_WEAK = YES;
				CLANG_WARN_BLOCK_CAPTURE_AUTORELEASING = YES;
				CLANG_WARN_BOOL_CONVERSION = YES;
				CLANG_WARN_COMMA = YES;
				CLANG_WARN_CONSTANT_CONVERSION = YES;
				CLANG_WARN_DEPRECATED_OBJC_IMPLEMENTATIONS = YES;
				CLANG_WARN_DIRECT_OBJC_ISA_USAGE = YES_ERROR;
				CLANG_WARN_DOCUMENTATION_COMMENTS = YES;
				CLANG_WARN_EMPTY_BODY = YES;
				CLANG_WARN_ENUM_CONVERSION = YES;
				CLANG_WARN_INFINITE_RECURSION = YES;
				CLANG_WARN_INT_CONVERSION = YES;
				CLANG_WARN_NON_LITERAL_NULL_CONVERSION = YES;
				CLANG_WARN_OBJC_IMPLICIT_RETAIN_SELF = YES;
				CLANG_WARN_OBJC_LITERAL_CONVERSION = YES;
				CLANG_WARN_OBJC_ROOT_CLASS = YES_ERROR;
				CLANG_WARN_QUOTED_INCLUDE_IN_FRAMEWORK_HEADER = YES;
				CLANG_WARN_RANGE_LOOP_ANALYSIS = YES;
				CLANG_WARN_STRICT_PROTOTYPES = YES;
				CLANG_WARN_SUSPICIOUS_MOVE = YES;
				CLANG_WARN_UNGUARDED_AVAILABILITY = YES_AGGRESSIVE;
				CLANG_WARN_UNREACHABLE_CODE = YES;
				CLANG_WARN__DUPLICATE_METHOD_MATCH = YES;
				COPY_PHASE_STRIP = NO;
				DEBUG_INFORMATION_FORMAT = "dwarf-with-dsym";
				ENABLE_NS_ASSERTIONS = NO;
				ENABLE_STRICT_OBJC_MSGSEND = YES;
				GCC_C_LANGUAGE_STANDARD = gnu11;
				GCC_NO_COMMON_BLOCKS = YES;
				GCC_WARN_64_TO_32_BIT_CONVERSION = YES;
				GCC_WARN_ABOUT_RETURN_TYPE = YES_ERROR;
				GCC_WARN_UNDECLARED_SELECTOR = YES;
				GCC_WARN_UNINITIALIZED_AUTOS = YES_AGGRESSIVE;
				GCC_WARN_UNUSED_FUNCTION = YES;
				GCC_WARN_UNUSED_VARIABLE = YES;
				IPHONEOS_DEPLOYMENT_TARGET = 14.4;
				MTL_ENABLE_DEBUG_INFO = NO;
				MTL_FAST_MATH = YES;
				SDKROOT = iphoneos;
				SWIFT_COMPILATION_MODE = wholemodule;
				SWIFT_OPTIMIZATION_LEVEL = "-O";
				VALIDATE_PRODUCT = YES;
			};
			name = Release;
		};
		8052398225FC8EFF00AC1A5B /* Debug */ = {
			isa = XCBuildConfiguration;
			buildSettings = {
				ASSETCATALOG_COMPILER_APPICON_NAME = AppIcon;
				ASSETCATALOG_COMPILER_GLOBAL_ACCENT_COLOR_NAME = AccentColor;
				CODE_SIGN_STYLE = Automatic;
				INFOPLIST_FILE = ToDoApp/Info.plist;
				LD_RUNPATH_SEARCH_PATHS = (
					"$(inherited)",
					"@executable_path/Frameworks",
				);
				PRODUCT_BUNDLE_IDENTIFIER = com.sample.ToDoApp;
				PRODUCT_NAME = "$(TARGET_NAME)";
				SWIFT_VERSION = 5.0;
				TARGETED_DEVICE_FAMILY = "1,2";
			};
			name = Debug;
		};
		8052398325FC8EFF00AC1A5B /* Release */ = {
			isa = XCBuildConfiguration;
			buildSettings = {
				ASSETCATALOG_COMPILER_APPICON_NAME = AppIcon;
				ASSETCATALOG_COMPILER_GLOBAL_ACCENT_COLOR_NAME = AccentColor;
				CODE_SIGN_STYLE = Automatic;
				INFOPLIST_FILE = ToDoApp/Info.plist;
				LD_RUNPATH_SEARCH_PATHS = (
					"$(inherited)",
					"@executable_path/Frameworks",
				);
				PRODUCT_BUNDLE_IDENTIFIER = com.sample.ToDoApp;
				PRODUCT_NAME = "$(TARGET_NAME)";
				SWIFT_VERSION = 5.0;
				TARGETED_DEVICE_FAMILY = "1,2";
			};
			name = Release;
		};
		8052398525FC8EFF00AC1A5B /* Debug */ = {
			isa = XCBuildConfiguration;
			buildSettings = {
				ALWAYS_EMBED_SWIFT_STANDARD_LIBRARIES = YES;
				BUNDLE_LOADER = "$(TEST_HOST)";
				CODE_SIGN_STYLE = Automatic;
				INFOPLIST_FILE = ToDoAppTests/Info.plist;
				IPHONEOS_DEPLOYMENT_TARGET = 14.4;
				LD_RUNPATH_SEARCH_PATHS = (
					"$(inherited)",
					"@executable_path/Frameworks",
					"@loader_path/Frameworks",
				);
				PRODUCT_BUNDLE_IDENTIFIER = com.sample.ToDoAppTests;
				PRODUCT_NAME = "$(TARGET_NAME)";
				SWIFT_VERSION = 5.0;
				TARGETED_DEVICE_FAMILY = "1,2";
				TEST_HOST = "$(BUILT_PRODUCTS_DIR)/ToDoApp.app/ToDoApp";
			};
			name = Debug;
		};
		8052398625FC8EFF00AC1A5B /* Release */ = {
			isa = XCBuildConfiguration;
			buildSettings = {
				ALWAYS_EMBED_SWIFT_STANDARD_LIBRARIES = YES;
				BUNDLE_LOADER = "$(TEST_HOST)";
				CODE_SIGN_STYLE = Automatic;
				INFOPLIST_FILE = ToDoAppTests/Info.plist;
				IPHONEOS_DEPLOYMENT_TARGET = 14.4;
				LD_RUNPATH_SEARCH_PATHS = (
					"$(inherited)",
					"@executable_path/Frameworks",
					"@loader_path/Frameworks",
				);
				PRODUCT_BUNDLE_IDENTIFIER = com.sample.ToDoAppTests;
				PRODUCT_NAME = "$(TARGET_NAME)";
				SWIFT_VERSION = 5.0;
				TARGETED_DEVICE_FAMILY = "1,2";
				TEST_HOST = "$(BUILT_PRODUCTS_DIR)/ToDoApp.app/ToDoApp";
			};
			name = Release;
		};
		8052398825FC8EFF00AC1A5B /* Debug */ = {
			isa = XCBuildConfiguration;
			buildSettings = {
				ALWAYS_EMBED_SWIFT_STANDARD_LIBRARIES = YES;
				CODE_SIGN_STYLE = Automatic;
				INFOPLIST_FILE = ToDoAppUITests/Info.plist;
				LD_RUNPATH_SEARCH_PATHS = (
					"$(inherited)",
					"@executable_path/Frameworks",
					"@loader_path/Frameworks",
				);
				PRODUCT_BUNDLE_IDENTIFIER = com.sample.ToDoAppUITests;
				PRODUCT_NAME = "$(TARGET_NAME)";
				SWIFT_VERSION = 5.0;
				TARGETED_DEVICE_FAMILY = "1,2";
				TEST_TARGET_NAME = ToDoApp;
			};
			name = Debug;
		};
		8052398925FC8EFF00AC1A5B /* Release */ = {
			isa = XCBuildConfiguration;
			buildSettings = {
				ALWAYS_EMBED_SWIFT_STANDARD_LIBRARIES = YES;
				CODE_SIGN_STYLE = Automatic;
				INFOPLIST_FILE = ToDoAppUITests/Info.plist;
				LD_RUNPATH_SEARCH_PATHS = (
					"$(inherited)",
					"@executable_path/Frameworks",
					"@loader_path/Frameworks",
				);
				PRODUCT_BUNDLE_IDENTIFIER = com.sample.ToDoAppUITests;
				PRODUCT_NAME = "$(TARGET_NAME)";
				SWIFT_VERSION = 5.0;
				TARGETED_DEVICE_FAMILY = "1,2";
				TEST_TARGET_NAME = ToDoApp;
			};
			name = Release;
		};
/* End XCBuildConfiguration section */

/* Begin XCConfigurationList section */
		8052395225FC8EFD00AC1A5B /* Build configuration list for PBXProject "ToDoApp" */ = {
			isa = XCConfigurationList;
			buildConfigurations = (
				8052397F25FC8EFF00AC1A5B /* Debug */,
				8052398025FC8EFF00AC1A5B /* Release */,
			);
			defaultConfigurationIsVisible = 0;
			defaultConfigurationName = Release;
		};
		8052398125FC8EFF00AC1A5B /* Build configuration list for PBXNativeTarget "ToDoApp" */ = {
			isa = XCConfigurationList;
			buildConfigurations = (
				8052398225FC8EFF00AC1A5B /* Debug */,
				8052398325FC8EFF00AC1A5B /* Release */,
			);
			defaultConfigurationIsVisible = 0;
			defaultConfigurationName = Release;
		};
		8052398425FC8EFF00AC1A5B /* Build configuration list for PBXNativeTarget "ToDoAppTests" */ = {
			isa = XCConfigurationList;
			buildConfigurations = (
				8052398525FC8EFF00AC1A5B /* Debug */,
				8052398625FC8EFF00AC1A5B /* Release */,
			);
			defaultConfigurationIsVisible = 0;
			defaultConfigurationName = Release;
		};
		8052398725FC8EFF00AC1A5B /* Build configuration list for PBXNativeTarget "ToDoAppUITests" */ = {
			isa = XCConfigurationList;
			buildConfigurations = (
				8052398825FC8EFF00AC1A5B /* Debug */,
				8052398925FC8EFF00AC1A5B /* Release */,
			);
			defaultConfigurationIsVisible = 0;
			defaultConfigurationName = Release;
		};
/* End XCConfigurationList section */
	};
	rootObject = 8052394F25FC8EFD00AC1A5B /* Project object */;
}
